
Microsoft Visual Studio Solution File, Format Version 12.00
# Visual Studio Version 16
VisualStudioVersion = 16.0.810.11
MinimumVisualStudioVersion = 10.0.40219.1
Project("{FAE04EC0-301F-11D3-BF4B-00C04F79EFBC}") = "Game", "Game\Game.csproj", "{1DB45BF2-0DA6-46F1-937D-CD80E2D5BE1E}"
EndProject
Project("{FAE04EC0-301F-11D3-BF4B-00C04F79EFBC}") = "Engine", "Engine\Engine.csproj", "{105D4219-4056-4293-A714-ADC95E649FF5}"
EndProject
Project("{FAE04EC0-301F-11D3-BF4B-00C04F79EFBC}") = "LuaPipeline", "LuaPipeline\LuaPipeline.csproj", "{66144854-3E8B-4ED5-9ABC-EF8F6C538739}"
EndProject
Global
	GlobalSection(SolutionConfigurationPlatforms) = preSolution
		Debug|Any CPU = Debug|Any CPU
		Release|Any CPU = Release|Any CPU
	EndGlobalSection
	GlobalSection(ProjectConfigurationPlatforms) = postSolution
		{1DB45BF2-0DA6-46F1-937D-CD80E2D5BE1E}.Debug|Any CPU.ActiveCfg = Debug|Any CPU
		{1DB45BF2-0DA6-46F1-937D-CD80E2D5BE1E}.Debug|Any CPU.Build.0 = Debug|Any CPU
		{1DB45BF2-0DA6-46F1-937D-CD80E2D5BE1E}.Release|Any CPU.ActiveCfg = Release|Any CPU
		{1DB45BF2-0DA6-46F1-937D-CD80E2D5BE1E}.Release|Any CPU.Build.0 = Release|Any CPU
		{105D4219-4056-4293-A714-ADC95E649FF5}.Debug|Any CPU.ActiveCfg = Debug|Any CPU
		{105D4219-4056-4293-A714-ADC95E649FF5}.Debug|Any CPU.Build.0 = Debug|Any CPU
		{105D4219-4056-4293-A714-ADC95E649FF5}.Release|Any CPU.ActiveCfg = Release|Any CPU
		{105D4219-4056-4293-A714-ADC95E649FF5}.Release|Any CPU.Build.0 = Release|Any CPU
		{66144854-3E8B-4ED5-9ABC-EF8F6C538739}.Debug|Any CPU.ActiveCfg = Debug|Any CPU
		{66144854-3E8B-4ED5-9ABC-EF8F6C538739}.Debug|Any CPU.Build.0 = Debug|Any CPU
		{66144854-3E8B-4ED5-9ABC-EF8F6C538739}.Release|Any CPU.ActiveCfg = Release|Any CPU
		{66144854-3E8B-4ED5-9ABC-EF8F6C538739}.Release|Any CPU.Build.0 = Release|Any CPU
	EndGlobalSection
	GlobalSection(SolutionProperties) = preSolution
		HideSolutionNode = FALSE
	EndGlobalSection
	GlobalSection(ExtensibilityGlobals) = postSolution
		SolutionGuid = {51EC033D-A84F-4E93-AA33-DA6A9562693E}
	EndGlobalSection
EndGlobal
